PODS:
  - Alamofire (5.6.2)
  - Kanna (5.2.7)

DEPENDENCIES:
  - Alamofire
  - Kanna

SPEC REPOS:
  trunk:
    - Alamofire
    - Kanna

SPEC CHECKSUMS:
  Alamofire: d368e1ff8a298e6dde360e35a3e68e6c610e7204
  Kanna: 01cfbddc127f5ff0963692f285fcbc8a9d62d234

PODFILE CHECKSUM: 729b86609be53242835480b2ce400615f83a0b85

COCOAPODS: 1.11.3
